# This file is automatically @generated by Cargo.
# It is not intended for manual editing.
version = 4

[[package]]
name = "_04_functions"
version = "0.1.0"

[[package]]
name = "_05_Control_flow"
version = "0.1.0"

[[package]]
name = "_06_ownership"
version = "0.1.0"

[[package]]
name = "_07_references_and_borrowing"
version = "0.1.0"
